
Microsoft Visual Studio Solution File, Format Version 12.00
# Visual Studio Version 16
VisualStudioVersion = 16.0.31729.503
MinimumVisualStudioVersion = 10.0.40219.1
Project("{FAE04EC0-301F-11D3-BF4B-00C04F79EFBC}") = "Week010", "Week010\Week010.csproj", "{6D5BBDA6-44D7-447A-AB4F-0D2FD4297A96}"
EndProject
Global
	GlobalSection(SolutionConfigurationPlatforms) = preSolution
		Debug|Any CPU = Debug|Any CPU
		Release|Any CPU = Release|Any CPU
	EndGlobalSection
	GlobalSection(ProjectConfigurationPlatforms) = postSolution
		{6D5BBDA6-44D7-447A-AB4F-0D2FD4297A96}.Debug|Any CPU.ActiveCfg = Debug|Any CPU
		{6D5BBDA6-44D7-447A-AB4F-0D2FD4297A96}.Debug|Any CPU.Build.0 = Debug|Any CPU
		{6D5BBDA6-44D7-447A-AB4F-0D2FD4297A96}.Release|Any CPU.ActiveCfg = Release|Any CPU
		{6D5BBDA6-44D7-447A-AB4F-0D2FD4297A96}.Release|Any CPU.Build.0 = Release|Any CPU
	EndGlobalSection
	GlobalSection(SolutionProperties) = preSolution
		HideSolutionNode = FALSE
	EndGlobalSection
	GlobalSection(ExtensibilityGlobals) = postSolution
		SolutionGuid = {E9DC877C-6F7D-4FE5-8960-42B24912F94B}
	EndGlobalSection
EndGlobal
